// !$*UTF8*$!
{
	archiveVersion = 1;
	classes = {
	};
	objectVersion = 55;
	objects = {

/* Begin PBXBuildFile section */
		040D451C2746688A0047E88E /* Extention+MainCollection.swift in Sources */ = {isa = PBXBuildFile; fileRef = 040D451B2746688A0047E88E /* Extention+MainCollection.swift */; };
		040D451E27466B1D0047E88E /* Extension+UIfont.swift in Sources */ = {isa = PBXBuildFile; fileRef = 040D451D27466B1D0047E88E /* Extension+UIfont.swift */; };
		040D4525274672EB0047E88E /* SpoqaHanSansNeo-Bold.otf in Resources */ = {isa = PBXBuildFile; fileRef = 040D451F274672E80047E88E /* SpoqaHanSansNeo-Bold.otf */; };
		040D4526274672EB0047E88E /* SpoqaHanSansNeo-Light.otf in Resources */ = {isa = PBXBuildFile; fileRef = 040D4520274672E90047E88E /* SpoqaHanSansNeo-Light.otf */; };
		040D4527274672EB0047E88E /* SpoqaHanSansNeo-Medium.otf in Resources */ = {isa = PBXBuildFile; fileRef = 040D4521274672EA0047E88E /* SpoqaHanSansNeo-Medium.otf */; };
		040D4528274672EB0047E88E /* SpoqaHanSansNeo-Regular.otf in Resources */ = {isa = PBXBuildFile; fileRef = 040D4522274672EA0047E88E /* SpoqaHanSansNeo-Regular.otf */; };
		040D4529274672EB0047E88E /* LICENSE in Resources */ = {isa = PBXBuildFile; fileRef = 040D4523274672EB0047E88E /* LICENSE */; };
		040D452A274672EB0047E88E /* SpoqaHanSansNeo-Thin.otf in Resources */ = {isa = PBXBuildFile; fileRef = 040D4524274672EB0047E88E /* SpoqaHanSansNeo-Thin.otf */; };
		040D453B274683E90047E88E /* RealmModel.swift in Sources */ = {isa = PBXBuildFile; fileRef = 040D453A274683E90047E88E /* RealmModel.swift */; };
		040D453D27468C840047E88E /* ModalViewController.swift in Sources */ = {isa = PBXBuildFile; fileRef = 040D453C27468C840047E88E /* ModalViewController.swift */; };
		040D45542746AA680047E88E /* Extension+Modal.swift in Sources */ = {isa = PBXBuildFile; fileRef = 040D45532746AA680047E88E /* Extension+Modal.swift */; };
		040D45562746AB190047E88E /* RealmQuery.swift in Sources */ = {isa = PBXBuildFile; fileRef = 040D45552746AB190047E88E /* RealmQuery.swift */; };
		040D4562274788860047E88E /* DatePickerViewController.swift in Sources */ = {isa = PBXBuildFile; fileRef = 040D4561274788860047E88E /* DatePickerViewController.swift */; };
		040D45662748E7320047E88E /* Extension+ContentTableView.swift in Sources */ = {isa = PBXBuildFile; fileRef = 040D45652748E7320047E88E /* Extension+ContentTableView.swift */; };
		040D45682748E7970047E88E /* ContentTableViewCell.swift in Sources */ = {isa = PBXBuildFile; fileRef = 040D45672748E7970047E88E /* ContentTableViewCell.swift */; };
		040E272E2787D28300E319CA /* InAppViewcontroller.swift in Sources */ = {isa = PBXBuildFile; fileRef = 040E272D2787D28300E319CA /* InAppViewcontroller.swift */; };
		041EAFAA280FF48700532E97 /* GoogleService-Info.plist in Resources */ = {isa = PBXBuildFile; fileRef = 041EAFA9280FF48700532E97 /* GoogleService-Info.plist */; };
		041EAFAE28106CB500532E97 /* UNNotificationCenter.swift in Sources */ = {isa = PBXBuildFile; fileRef = 041EAFAD28106CB500532E97 /* UNNotificationCenter.swift */; };
		0470B8792743979800CC1DF7 /* AppDelegate.swift in Sources */ = {isa = PBXBuildFile; fileRef = 0470B8782743979800CC1DF7 /* AppDelegate.swift */; };
		0470B87B2743979800CC1DF7 /* SceneDelegate.swift in Sources */ = {isa = PBXBuildFile; fileRef = 0470B87A2743979800CC1DF7 /* SceneDelegate.swift */; };
		0470B87D2743979800CC1DF7 /* ViewController.swift in Sources */ = {isa = PBXBuildFile; fileRef = 0470B87C2743979800CC1DF7 /* ViewController.swift */; };
		0470B8802743979800CC1DF7 /* Main.storyboard in Resources */ = {isa = PBXBuildFile; fileRef = 0470B87E2743979800CC1DF7 /* Main.storyboard */; };
		0470B8822743979B00CC1DF7 /* Assets.xcassets in Resources */ = {isa = PBXBuildFile; fileRef = 0470B8812743979B00CC1DF7 /* Assets.xcassets */; };
		0470B8852743979B00CC1DF7 /* LaunchScreen.storyboard in Resources */ = {isa = PBXBuildFile; fileRef = 0470B8832743979B00CC1DF7 /* LaunchScreen.storyboard */; };
		0470B88D27463E0D00CC1DF7 /* Content.storyboard in Resources */ = {isa = PBXBuildFile; fileRef = 0470B88C27463E0D00CC1DF7 /* Content.storyboard */; };
		0470B89127463E4B00CC1DF7 /* Setting.storyboard in Resources */ = {isa = PBXBuildFile; fileRef = 0470B89027463E4B00CC1DF7 /* Setting.storyboard */; };
		04C399EF274A2F18006B73A5 /* ContentModalViewController.swift in Sources */ = {isa = PBXBuildFile; fileRef = 04C399EE274A2F18006B73A5 /* ContentModalViewController.swift */; };
		04C399F1274A2F35006B73A5 /* Extension+contentModal.swift in Sources */ = {isa = PBXBuildFile; fileRef = 04C399F0274A2F35006B73A5 /* Extension+contentModal.swift */; };
		04C399F3274A5880006B73A5 /* UIResponder.swift in Sources */ = {isa = PBXBuildFile; fileRef = 04C399F2274A5880006B73A5 /* UIResponder.swift */; };
		04C399F7274D3B4A006B73A5 /* EditViewController.swift in Sources */ = {isa = PBXBuildFile; fileRef = 04C399F6274D3B4A006B73A5 /* EditViewController.swift */; };
		04C399F9274E0282006B73A5 /* Extension+Edit.swift in Sources */ = {isa = PBXBuildFile; fileRef = 04C399F8274E0282006B73A5 /* Extension+Edit.swift */; };
		04E7D4742746408B00050B83 /* MainViewController.swift in Sources */ = {isa = PBXBuildFile; fileRef = 04E7D4732746408B00050B83 /* MainViewController.swift */; };
		04E7D4762746409300050B83 /* SettingViewController.swift in Sources */ = {isa = PBXBuildFile; fileRef = 04E7D4752746409300050B83 /* SettingViewController.swift */; };
		04E7D47A274640AB00050B83 /* ContentViewController.swift in Sources */ = {isa = PBXBuildFile; fileRef = 04E7D479274640AB00050B83 /* ContentViewController.swift */; };
		04E7D484274658BC00050B83 /* MainCollectionViewCell.swift in Sources */ = {isa = PBXBuildFile; fileRef = 04E7D482274658BC00050B83 /* MainCollectionViewCell.swift */; };
		04E7D485274658BC00050B83 /* MainCollectionViewCell.xib in Resources */ = {isa = PBXBuildFile; fileRef = 04E7D483274658BC00050B83 /* MainCollectionViewCell.xib */; };
		04ED7DE1275687AC00EF280A /* OpenSourceViewController.swift in Sources */ = {isa = PBXBuildFile; fileRef = 04ED7DE0275687AC00EF280A /* OpenSourceViewController.swift */; };
		04ED7E132764539E00EF280A /* libswift_Concurrency.tbd in Frameworks */ = {isa = PBXBuildFile; fileRef = 04ED7E122764539E00EF280A /* libswift_Concurrency.tbd */; settings = {ATTRIBUTES = (Weak, ); }; };
		0863C1B75B2ADEC6A649DB01 /* Pods_MyPlant.framework in Frameworks */ = {isa = PBXBuildFile; fileRef = 47525E31FA9811D0A86D1BFC /* Pods_MyPlant.framework */; };
/* End PBXBuildFile section */

/* Begin PBXFileReference section */
		040D451B2746688A0047E88E /* Extention+MainCollection.swift */ = {isa = PBXFileReference; lastKnownFileType = sourcecode.swift; path = "Extention+MainCollection.swift"; sourceTree = "<group>"; };
		040D451D27466B1D0047E88E /* Extension+UIfont.swift */ = {isa = PBXFileReference; lastKnownFileType = sourcecode.swift; path = "Extension+UIfont.swift"; sourceTree = "<group>"; };
		040D451F274672E80047E88E /* SpoqaHanSansNeo-Bold.otf */ = {isa = PBXFileReference; lastKnownFileType = file; path = "SpoqaHanSansNeo-Bold.otf"; sourceTree = "<group>"; };
		040D4520274672E90047E88E /* SpoqaHanSansNeo-Light.otf */ = {isa = PBXFileReference; lastKnownFileType = file; path = "SpoqaHanSansNeo-Light.otf"; sourceTree = "<group>"; };
		040D4521274672EA0047E88E /* SpoqaHanSansNeo-Medium.otf */ = {isa = PBXFileReference; lastKnownFileType = file; path = "SpoqaHanSansNeo-Medium.otf"; sourceTree = "<group>"; };
		040D4522274672EA0047E88E /* SpoqaHanSansNeo-Regular.otf */ = {isa = PBXFileReference; lastKnownFileType = file; path = "SpoqaHanSansNeo-Regular.otf"; sourceTree = "<group>"; };
		040D4523274672EB0047E88E /* LICENSE */ = {isa = PBXFileReference; fileEncoding = 4; lastKnownFileType = text; path = LICENSE; sourceTree = "<group>"; };
		040D4524274672EB0047E88E /* SpoqaHanSansNeo-Thin.otf */ = {isa = PBXFileReference; lastKnownFileType = file; path = "SpoqaHanSansNeo-Thin.otf"; sourceTree = "<group>"; };
		040D453A274683E90047E88E /* RealmModel.swift */ = {isa = PBXFileReference; lastKnownFileType = sourcecode.swift; path = RealmModel.swift; sourceTree = "<group>"; };
		040D453C27468C840047E88E /* ModalViewController.swift */ = {isa = PBXFileReference; lastKnownFileType = sourcecode.swift; path = ModalViewController.swift; sourceTree = "<group>"; };
		040D45532746AA680047E88E /* Extension+Modal.swift */ = {isa = PBXFileReference; lastKnownFileType = sourcecode.swift; path = "Extension+Modal.swift"; sourceTree = "<group>"; };
		040D45552746AB190047E88E /* RealmQuery.swift */ = {isa = PBXFileReference; lastKnownFileType = sourcecode.swift; path = RealmQuery.swift; sourceTree = "<group>"; };
		040D4561274788860047E88E /* DatePickerViewController.swift */ = {isa = PBXFileReference; lastKnownFileType = sourcecode.swift; path = DatePickerViewController.swift; sourceTree = "<group>"; };
		040D45652748E7320047E88E /* Extension+ContentTableView.swift */ = {isa = PBXFileReference; lastKnownFileType = sourcecode.swift; path = "Extension+ContentTableView.swift"; sourceTree = "<group>"; };
		040D45672748E7970047E88E /* ContentTableViewCell.swift */ = {isa = PBXFileReference; lastKnownFileType = sourcecode.swift; path = ContentTableViewCell.swift; sourceTree = "<group>"; };
		040E272D2787D28300E319CA /* InAppViewcontroller.swift */ = {isa = PBXFileReference; lastKnownFileType = sourcecode.swift; path = InAppViewcontroller.swift; sourceTree = "<group>"; };
		04118317276AC5290048344E /* MyPlant.entitlements */ = {isa = PBXFileReference; lastKnownFileType = text.plist.entitlements; path = MyPlant.entitlements; sourceTree = "<group>"; };
		04118318276AC5370048344E /* MyPlantRelease.entitlements */ = {isa = PBXFileReference; lastKnownFileType = text.plist.entitlements; path = MyPlantRelease.entitlements; sourceTree = "<group>"; };
		041EAFA9280FF48700532E97 /* GoogleService-Info.plist */ = {isa = PBXFileReference; lastKnownFileType = text.plist.xml; path = "GoogleService-Info.plist"; sourceTree = SOURCE_ROOT; };
		041EAFAD28106CB500532E97 /* UNNotificationCenter.swift */ = {isa = PBXFileReference; lastKnownFileType = sourcecode.swift; path = UNNotificationCenter.swift; sourceTree = "<group>"; };
		0470B8752743979800CC1DF7 /* MyPlant.app */ = {isa = PBXFileReference; explicitFileType = wrapper.application; includeInIndex = 0; path = MyPlant.app; sourceTree = BUILT_PRODUCTS_DIR; };
		0470B8782743979800CC1DF7 /* AppDelegate.swift */ = {isa = PBXFileReference; lastKnownFileType = sourcecode.swift; path = AppDelegate.swift; sourceTree = "<group>"; };
		0470B87A2743979800CC1DF7 /* SceneDelegate.swift */ = {isa = PBXFileReference; lastKnownFileType = sourcecode.swift; path = SceneDelegate.swift; sourceTree = "<group>"; };
		0470B87C2743979800CC1DF7 /* ViewController.swift */ = {isa = PBXFileReference; lastKnownFileType = sourcecode.swift; path = ViewController.swift; sourceTree = "<group>"; };
		0470B87F2743979800CC1DF7 /* Base */ = {isa = PBXFileReference; lastKnownFileType = file.storyboard; name = Base; path = Base.lproj/Main.storyboard; sourceTree = "<group>"; };
		0470B8812743979B00CC1DF7 /* Assets.xcassets */ = {isa = PBXFileReference; lastKnownFileType = folder.assetcatalog; path = Assets.xcassets; sourceTree = "<group>"; };
		0470B8842743979B00CC1DF7 /* Base */ = {isa = PBXFileReference; lastKnownFileType = file.storyboard; name = Base; path = Base.lproj/LaunchScreen.storyboard; sourceTree = "<group>"; };
		0470B8862743979B00CC1DF7 /* Info.plist */ = {isa = PBXFileReference; lastKnownFileType = text.plist.xml; path = Info.plist; sourceTree = "<group>"; };
		0470B88C27463E0D00CC1DF7 /* Content.storyboard */ = {isa = PBXFileReference; lastKnownFileType = file.storyboard; path = Content.storyboard; sourceTree = "<group>"; };
		0470B89027463E4B00CC1DF7 /* Setting.storyboard */ = {isa = PBXFileReference; lastKnownFileType = file.storyboard; path = Setting.storyboard; sourceTree = "<group>"; };
		04C399EE274A2F18006B73A5 /* ContentModalViewController.swift */ = {isa = PBXFileReference; lastKnownFileType = sourcecode.swift; path = ContentModalViewController.swift; sourceTree = "<group>"; };
		04C399F0274A2F35006B73A5 /* Extension+contentModal.swift */ = {isa = PBXFileReference; lastKnownFileType = sourcecode.swift; path = "Extension+contentModal.swift"; sourceTree = "<group>"; };
		04C399F2274A5880006B73A5 /* UIResponder.swift */ = {isa = PBXFileReference; lastKnownFileType = sourcecode.swift; path = UIResponder.swift; sourceTree = "<group>"; };
		04C399F6274D3B4A006B73A5 /* EditViewController.swift */ = {isa = PBXFileReference; lastKnownFileType = sourcecode.swift; path = EditViewController.swift; sourceTree = "<group>"; };
		04C399F8274E0282006B73A5 /* Extension+Edit.swift */ = {isa = PBXFileReference; lastKnownFileType = sourcecode.swift; path = "Extension+Edit.swift"; sourceTree = "<group>"; };
		04E7D4732746408B00050B83 /* MainViewController.swift */ = {isa = PBXFileReference; lastKnownFileType = sourcecode.swift; path = MainViewController.swift; sourceTree = "<group>"; };
		04E7D4752746409300050B83 /* SettingViewController.swift */ = {isa = PBXFileReference; lastKnownFileType = sourcecode.swift; path = SettingViewController.swift; sourceTree = "<group>"; };
		04E7D479274640AB00050B83 /* ContentViewController.swift */ = {isa = PBXFileReference; lastKnownFileType = sourcecode.swift; path = ContentViewController.swift; sourceTree = "<group>"; };
		04E7D482274658BC00050B83 /* MainCollectionViewCell.swift */ = {isa = PBXFileReference; lastKnownFileType = sourcecode.swift; path = MainCollectionViewCell.swift; sourceTree = "<group>"; };
		04E7D483274658BC00050B83 /* MainCollectionViewCell.xib */ = {isa = PBXFileReference; lastKnownFileType = file.xib; path = MainCollectionViewCell.xib; sourceTree = "<group>"; };
		04ED7DE0275687AC00EF280A /* OpenSourceViewController.swift */ = {isa = PBXFileReference; lastKnownFileType = sourcecode.swift; path = OpenSourceViewController.swift; sourceTree = "<group>"; };
		04ED7E122764539E00EF280A /* libswift_Concurrency.tbd */ = {isa = PBXFileReference; lastKnownFileType = "sourcecode.text-based-dylib-definition"; name = libswift_Concurrency.tbd; path = usr/lib/swift/libswift_Concurrency.tbd; sourceTree = SDKROOT; };
		47525E31FA9811D0A86D1BFC /* Pods_MyPlant.framework */ = {isa = PBXFileReference; explicitFileType = wrapper.framework; includeInIndex = 0; path = Pods_MyPlant.framework; sourceTree = BUILT_PRODUCTS_DIR; };
		53F7F46380604F9646BF6264 /* Pods-MyPlant.release.xcconfig */ = {isa = PBXFileReference; includeInIndex = 1; lastKnownFileType = text.xcconfig; name = "Pods-MyPlant.release.xcconfig"; path = "Target Support Files/Pods-MyPlant/Pods-MyPlant.release.xcconfig"; sourceTree = "<group>"; };
		D10D8EFBBA9B3A0DE28C960F /* Pods-MyPlant.debug.xcconfig */ = {isa = PBXFileReference; includeInIndex = 1; lastKnownFileType = text.xcconfig; name = "Pods-MyPlant.debug.xcconfig"; path = "Target Support Files/Pods-MyPlant/Pods-MyPlant.debug.xcconfig"; sourceTree = "<group>"; };
/* End PBXFileReference section */

/* Begin PBXFrameworksBuildPhase section */
		0470B8722743979700CC1DF7 /* Frameworks */ = {
			isa = PBXFrameworksBuildPhase;
			buildActionMask = 2147483647;
			files = (
				04ED7E132764539E00EF280A /* libswift_Concurrency.tbd in Frameworks */,
				0863C1B75B2ADEC6A649DB01 /* Pods_MyPlant.framework in Frameworks */,
			);
			runOnlyForDeploymentPostprocessing = 0;
		};
/* End PBXFrameworksBuildPhase section */

/* Begin PBXGroup section */
		040D451A274668770047E88E /* Extension */ = {
			isa = PBXGroup;
			children = (
				040D451B2746688A0047E88E /* Extention+MainCollection.swift */,
				040D45652748E7320047E88E /* Extension+ContentTableView.swift */,
				040D451D27466B1D0047E88E /* Extension+UIfont.swift */,
				040D45532746AA680047E88E /* Extension+Modal.swift */,
				04C399F0274A2F35006B73A5 /* Extension+contentModal.swift */,
				04C399F8274E0282006B73A5 /* Extension+Edit.swift */,
				04C399F2274A5880006B73A5 /* UIResponder.swift */,
				041EAFAD28106CB500532E97 /* UNNotificationCenter.swift */,
			);
			path = Extension;
			sourceTree = "<group>";
		};
		040D452B274673AA0047E88E /* Font */ = {
			isa = PBXGroup;
			children = (
				040D4523274672EB0047E88E /* LICENSE */,
				040D451F274672E80047E88E /* SpoqaHanSansNeo-Bold.otf */,
				040D4520274672E90047E88E /* SpoqaHanSansNeo-Light.otf */,
				040D4521274672EA0047E88E /* SpoqaHanSansNeo-Medium.otf */,
				040D4522274672EA0047E88E /* SpoqaHanSansNeo-Regular.otf */,
				040D4524274672EB0047E88E /* SpoqaHanSansNeo-Thin.otf */,
			);
			path = Font;
			sourceTree = "<group>";
		};
		040D4539274683D70047E88E /* Realm */ = {
			isa = PBXGroup;
			children = (
				040D453A274683E90047E88E /* RealmModel.swift */,
				040D45552746AB190047E88E /* RealmQuery.swift */,
			);
			path = Realm;
			sourceTree = "<group>";
		};
		0470B86C2743979700CC1DF7 = {
			isa = PBXGroup;
			children = (
				0470B8772743979800CC1DF7 /* MyPlant */,
				0470B8762743979800CC1DF7 /* Products */,
				04ED7E112764539D00EF280A /* Frameworks */,
				2762429F8B862F0826F87EF7 /* Pods */,
			);
			sourceTree = "<group>";
		};
		0470B8762743979800CC1DF7 /* Products */ = {
			isa = PBXGroup;
			children = (
				0470B8752743979800CC1DF7 /* MyPlant.app */,
			);
			name = Products;
			sourceTree = "<group>";
		};
		0470B8772743979800CC1DF7 /* MyPlant */ = {
			isa = PBXGroup;
			children = (
				041EAFA9280FF48700532E97 /* GoogleService-Info.plist */,
				04118318276AC5370048344E /* MyPlantRelease.entitlements */,
				04118317276AC5290048344E /* MyPlant.entitlements */,
				040D4539274683D70047E88E /* Realm */,
				040D452B274673AA0047E88E /* Font */,
				040D451A274668770047E88E /* Extension */,
				04E7D47B274640B500050B83 /* VC */,
				0470B8782743979800CC1DF7 /* AppDelegate.swift */,
				04E7D482274658BC00050B83 /* MainCollectionViewCell.swift */,
				04E7D483274658BC00050B83 /* MainCollectionViewCell.xib */,
				0470B87A2743979800CC1DF7 /* SceneDelegate.swift */,
				0470B87C2743979800CC1DF7 /* ViewController.swift */,
				0470B87E2743979800CC1DF7 /* Main.storyboard */,
				0470B88C27463E0D00CC1DF7 /* Content.storyboard */,
				040D45672748E7970047E88E /* ContentTableViewCell.swift */,
				0470B89027463E4B00CC1DF7 /* Setting.storyboard */,
				0470B8812743979B00CC1DF7 /* Assets.xcassets */,
				0470B8832743979B00CC1DF7 /* LaunchScreen.storyboard */,
				0470B8862743979B00CC1DF7 /* Info.plist */,
			);
			path = MyPlant;
			sourceTree = "<group>";
		};
		04E7D47B274640B500050B83 /* VC */ = {
			isa = PBXGroup;
			children = (
				04E7D4752746409300050B83 /* SettingViewController.swift */,
				040D453C27468C840047E88E /* ModalViewController.swift */,
				04ED7DE0275687AC00EF280A /* OpenSourceViewController.swift */,
				040E272D2787D28300E319CA /* InAppViewcontroller.swift */,
				04E7D479274640AB00050B83 /* ContentViewController.swift */,
				04C399EE274A2F18006B73A5 /* ContentModalViewController.swift */,
				040D4561274788860047E88E /* DatePickerViewController.swift */,
				04C399F6274D3B4A006B73A5 /* EditViewController.swift */,
				04E7D4732746408B00050B83 /* MainViewController.swift */,
			);
			path = VC;
			sourceTree = "<group>";
		};
		04ED7E112764539D00EF280A /* Frameworks */ = {
			isa = PBXGroup;
			children = (
				04ED7E122764539E00EF280A /* libswift_Concurrency.tbd */,
				47525E31FA9811D0A86D1BFC /* Pods_MyPlant.framework */,
			);
			name = Frameworks;
			sourceTree = "<group>";
		};
		2762429F8B862F0826F87EF7 /* Pods */ = {
			isa = PBXGroup;
			children = (
				D10D8EFBBA9B3A0DE28C960F /* Pods-MyPlant.debug.xcconfig */,
				53F7F46380604F9646BF6264 /* Pods-MyPlant.release.xcconfig */,
			);
			path = Pods;
			sourceTree = "<group>";
		};
/* End PBXGroup section */

/* Begin PBXNativeTarget section */
		0470B8742743979700CC1DF7 /* MyPlant */ = {
			isa = PBXNativeTarget;
			buildConfigurationList = 0470B8892743979B00CC1DF7 /* Build configuration list for PBXNativeTarget "MyPlant" */;
			buildPhases = (
				7C06AB9DC10FB6FBE9745010 /* [CP] Check Pods Manifest.lock */,
				0470B8712743979700CC1DF7 /* Sources */,
				0470B8722743979700CC1DF7 /* Frameworks */,
				0470B8732743979700CC1DF7 /* Resources */,
				04ED7E452767D69800EF280A /* Crashlytics Run Script */,
				708CB846465184F404CBD22E /* [CP] Embed Pods Frameworks */,
			);
			buildRules = (
			);
			dependencies = (
			);
			name = MyPlant;
			productName = MyPlant;
			productReference = 0470B8752743979800CC1DF7 /* MyPlant.app */;
			productType = "com.apple.product-type.application";
		};
/* End PBXNativeTarget section */

/* Begin PBXProject section */
		0470B86D2743979700CC1DF7 /* Project object */ = {
			isa = PBXProject;
			attributes = {
				BuildIndependentTargetsInParallel = 1;
				LastSwiftUpdateCheck = 1300;
				LastUpgradeCheck = 1300;
				TargetAttributes = {
					0470B8742743979700CC1DF7 = {
						CreatedOnToolsVersion = 13.0;
					};
				};
			};
			buildConfigurationList = 0470B8702743979700CC1DF7 /* Build configuration list for PBXProject "MyPlant" */;
			compatibilityVersion = "Xcode 13.0";
			developmentRegion = en;
			hasScannedForEncodings = 0;
			knownRegions = (
				en,
				Base,
			);
			mainGroup = 0470B86C2743979700CC1DF7;
			productRefGroup = 0470B8762743979800CC1DF7 /* Products */;
			projectDirPath = "";
			projectRoot = "";
			targets = (
				0470B8742743979700CC1DF7 /* MyPlant */,
			);
		};
/* End PBXProject section */

/* Begin PBXResourcesBuildPhase section */
		0470B8732743979700CC1DF7 /* Resources */ = {
			isa = PBXResourcesBuildPhase;
			buildActionMask = 2147483647;
			files = (
				041EAFAA280FF48700532E97 /* GoogleService-Info.plist in Resources */,
				04E7D485274658BC00050B83 /* MainCollectionViewCell.xib in Resources */,
				040D4529274672EB0047E88E /* LICENSE in Resources */,
				0470B88D27463E0D00CC1DF7 /* Content.storyboard in Resources */,
				0470B8852743979B00CC1DF7 /* LaunchScreen.storyboard in Resources */,
				0470B8822743979B00CC1DF7 /* Assets.xcassets in Resources */,
				040D4527274672EB0047E88E /* SpoqaHanSansNeo-Medium.otf in Resources */,
				040D4526274672EB0047E88E /* SpoqaHanSansNeo-Light.otf in Resources */,
				040D4528274672EB0047E88E /* SpoqaHanSansNeo-Regular.otf in Resources */,
				0470B8802743979800CC1DF7 /* Main.storyboard in Resources */,
				040D4525274672EB0047E88E /* SpoqaHanSansNeo-Bold.otf in Resources */,
				0470B89127463E4B00CC1DF7 /* Setting.storyboard in Resources */,
				040D452A274672EB0047E88E /* SpoqaHanSansNeo-Thin.otf in Resources */,
			);
			runOnlyForDeploymentPostprocessing = 0;
		};
/* End PBXResourcesBuildPhase section */

/* Begin PBXShellScriptBuildPhase section */
		04ED7E452767D69800EF280A /* Crashlytics Run Script */ = {
			isa = PBXShellScriptBuildPhase;
			buildActionMask = 2147483647;
			files = (
			);
			inputFileListPaths = (
			);
			inputPaths = (
				"$(SRCROOT)/$(BUILT_PRODUCTS_DIR)/$(INFOPLIST_PATH)",
				"${DWARF_DSYM_FOLDER_PATH}/${DWARF_DSYM_FILE_NAME}/Contents/Resources/DWARF/${TARGET_NAME}",
			);
			name = "Crashlytics Run Script";
			outputFileListPaths = (
			);
			outputPaths = (
			);
			runOnlyForDeploymentPostprocessing = 0;
			shellPath = /bin/sh;
			shellScript = "# Type a script or drag a script file from your workspace to insert its path.\n\"${PODS_ROOT}/FirebaseCrashlytics/run\"\n";
		};
		708CB846465184F404CBD22E /* [CP] Embed Pods Frameworks */ = {
			isa = PBXShellScriptBuildPhase;
			buildActionMask = 2147483647;
			files = (
			);
			inputFileListPaths = (
				"${PODS_ROOT}/Target Support Files/Pods-MyPlant/Pods-MyPlant-frameworks-${CONFIGURATION}-input-files.xcfilelist",
			);
			name = "[CP] Embed Pods Frameworks";
			outputFileListPaths = (
				"${PODS_ROOT}/Target Support Files/Pods-MyPlant/Pods-MyPlant-frameworks-${CONFIGURATION}-output-files.xcfilelist",
			);
			runOnlyForDeploymentPostprocessing = 0;
			shellPath = /bin/sh;
			shellScript = "\"${PODS_ROOT}/Target Support Files/Pods-MyPlant/Pods-MyPlant-frameworks.sh\"\n";
			showEnvVarsInLog = 0;
		};
		7C06AB9DC10FB6FBE9745010 /* [CP] Check Pods Manifest.lock */ = {
			isa = PBXShellScriptBuildPhase;
			buildActionMask = 8;
			files = (
			);
			inputFileListPaths = (
			);
			inputPaths = (
				"${PODS_PODFILE_DIR_PATH}/Podfile.lock",
				"${PODS_ROOT}/Manifest.lock",
			);
			name = "[CP] Check Pods Manifest.lock";
			outputFileListPaths = (
			);
			outputPaths = (
				"$(DERIVED_FILE_DIR)/Pods-MyPlant-checkManifestLockResult.txt",
			);
			runOnlyForDeploymentPostprocessing = 1;
			shellPath = /bin/sh;
			shellScript = "diff \"${PODS_PODFILE_DIR_PATH}/Podfile.lock\" \"${PODS_ROOT}/Manifest.lock\" > /dev/null\nif [ $? != 0 ] ; then\n    # print error to STDERR\n    echo \"error: The sandbox is not in sync with the Podfile.lock. Run 'pod install' or update your CocoaPods installation.\" >&2\n    exit 1\nfi\n# This output is used by Xcode 'outputs' to avoid re-running this script phase.\necho \"SUCCESS\" > \"${SCRIPT_OUTPUT_FILE_0}\"\n# This script is used to fix a deploy process crash by commenting a line of code in Pods-AppName-frameworks.sh that was causing archiving process to fail\n";
			showEnvVarsInLog = 0;
		};
/* End PBXShellScriptBuildPhase section */

/* Begin PBXSourcesBuildPhase section */
		0470B8712743979700CC1DF7 /* Sources */ = {
			isa = PBXSourcesBuildPhase;
			buildActionMask = 2147483647;
			files = (
				040D451E27466B1D0047E88E /* Extension+UIfont.swift in Sources */,
				04E7D4762746409300050B83 /* SettingViewController.swift in Sources */,
				040D45662748E7320047E88E /* Extension+ContentTableView.swift in Sources */,
				040D45562746AB190047E88E /* RealmQuery.swift in Sources */,
				04C399F3274A5880006B73A5 /* UIResponder.swift in Sources */,
				040D453B274683E90047E88E /* RealmModel.swift in Sources */,
				040D45682748E7970047E88E /* ContentTableViewCell.swift in Sources */,
				04C399F1274A2F35006B73A5 /* Extension+contentModal.swift in Sources */,
				04C399F9274E0282006B73A5 /* Extension+Edit.swift in Sources */,
				040D45542746AA680047E88E /* Extension+Modal.swift in Sources */,
				040D453D27468C840047E88E /* ModalViewController.swift in Sources */,
				0470B87D2743979800CC1DF7 /* ViewController.swift in Sources */,
				04E7D484274658BC00050B83 /* MainCollectionViewCell.swift in Sources */,
				0470B8792743979800CC1DF7 /* AppDelegate.swift in Sources */,
				0470B87B2743979800CC1DF7 /* SceneDelegate.swift in Sources */,
				040D4562274788860047E88E /* DatePickerViewController.swift in Sources */,
				04E7D4742746408B00050B83 /* MainViewController.swift in Sources */,
				040E272E2787D28300E319CA /* InAppViewcontroller.swift in Sources */,
				04ED7DE1275687AC00EF280A /* OpenSourceViewController.swift in Sources */,
				041EAFAE28106CB500532E97 /* UNNotificationCenter.swift in Sources */,
				040D451C2746688A0047E88E /* Extention+MainCollection.swift in Sources */,
				04C399EF274A2F18006B73A5 /* ContentModalViewController.swift in Sources */,
				04E7D47A274640AB00050B83 /* ContentViewController.swift in Sources */,
				04C399F7274D3B4A006B73A5 /* EditViewController.swift in Sources */,
			);
			runOnlyForDeploymentPostprocessing = 0;
		};
/* End PBXSourcesBuildPhase section */

/* Begin PBXVariantGroup section */
		0470B87E2743979800CC1DF7 /* Main.storyboard */ = {
			isa = PBXVariantGroup;
			children = (
				0470B87F2743979800CC1DF7 /* Base */,
			);
			name = Main.storyboard;
			sourceTree = "<group>";
		};
		0470B8832743979B00CC1DF7 /* LaunchScreen.storyboard */ = {
			isa = PBXVariantGroup;
			children = (
				0470B8842743979B00CC1DF7 /* Base */,
			);
			name = LaunchScreen.storyboard;
			sourceTree = "<group>";
		};
/* End PBXVariantGroup section */

/* Begin XCBuildConfiguration section */
		0470B8872743979B00CC1DF7 /* Debug */ = {
			isa = XCBuildConfiguration;
			buildSettings = {
				ALWAYS_SEARCH_USER_PATHS = NO;
				CLANG_ANALYZER_NONNULL = YES;
				CLANG_ANALYZER_NUMBER_OBJECT_CONVERSION = YES_AGGRESSIVE;
				CLANG_CXX_LANGUAGE_STANDARD = "gnu++17";
				CLANG_CXX_LIBRARY = "libc++";
				CLANG_ENABLE_MODULES = YES;
				CLANG_ENABLE_OBJC_ARC = YES;
				CLANG_ENABLE_OBJC_WEAK = YES;
				CLANG_WARN_BLOCK_CAPTURE_AUTORELEASING = YES;
				CLANG_WARN_BOOL_CONVERSION = YES;
				CLANG_WARN_COMMA = YES;
				CLANG_WARN_CONSTANT_CONVERSION = YES;
				CLANG_WARN_DEPRECATED_OBJC_IMPLEMENTATIONS = YES;
				CLANG_WARN_DIRECT_OBJC_ISA_USAGE = YES_ERROR;
				CLANG_WARN_DOCUMENTATION_COMMENTS = YES;
				CLANG_WARN_EMPTY_BODY = YES;
				CLANG_WARN_ENUM_CONVERSION = YES;
				CLANG_WARN_INFINITE_RECURSION = YES;
				CLANG_WARN_INT_CONVERSION = YES;
				CLANG_WARN_NON_LITERAL_NULL_CONVERSION = YES;
				CLANG_WARN_OBJC_IMPLICIT_RETAIN_SELF = YES;
				CLANG_WARN_OBJC_LITERAL_CONVERSION = YES;
				CLANG_WARN_OBJC_ROOT_CLASS = YES_ERROR;
				CLANG_WARN_QUOTED_INCLUDE_IN_FRAMEWORK_HEADER = YES;
				CLANG_WARN_RANGE_LOOP_ANALYSIS = YES;
				CLANG_WARN_STRICT_PROTOTYPES = YES;
				CLANG_WARN_SUSPICIOUS_MOVE = YES;
				CLANG_WARN_UNGUARDED_AVAILABILITY = YES_AGGRESSIVE;
				CLANG_WARN_UNREACHABLE_CODE = YES;
				CLANG_WARN__DUPLICATE_METHOD_MATCH = YES;
				COPY_PHASE_STRIP = NO;
				DEBUG_INFORMATION_FORMAT = "dwarf-with-dsym";
				ENABLE_STRICT_OBJC_MSGSEND = YES;
				ENABLE_TESTABILITY = YES;
				GCC_C_LANGUAGE_STANDARD = gnu11;
				GCC_DYNAMIC_NO_PIC = NO;
				GCC_NO_COMMON_BLOCKS = YES;
				GCC_OPTIMIZATION_LEVEL = 0;
				GCC_PREPROCESSOR_DEFINITIONS = (
					"DEBUG=1",
					"$(inherited)",
				);
				GCC_WARN_64_TO_32_BIT_CONVERSION = YES;
				GCC_WARN_ABOUT_RETURN_TYPE = YES_ERROR;
				GCC_WARN_UNDECLARED_SELECTOR = YES;
				GCC_WARN_UNINITIALIZED_AUTOS = YES_AGGRESSIVE;
				GCC_WARN_UNUSED_FUNCTION = YES;
				GCC_WARN_UNUSED_VARIABLE = YES;
				IPHONEOS_DEPLOYMENT_TARGET = 15.0;
				MTL_ENABLE_DEBUG_INFO = INCLUDE_SOURCE;
				MTL_FAST_MATH = YES;
				ONLY_ACTIVE_ARCH = YES;
				SDKROOT = iphoneos;
				SWIFT_ACTIVE_COMPILATION_CONDITIONS = DEBUG;
				SWIFT_OPTIMIZATION_LEVEL = "-Onone";
			};
			name = Debug;
		};
		0470B8882743979B00CC1DF7 /* Release */ = {
			isa = XCBuildConfiguration;
			buildSettings = {
				ALWAYS_SEARCH_USER_PATHS = NO;
				CLANG_ANALYZER_NONNULL = YES;
				CLANG_ANALYZER_NUMBER_OBJECT_CONVERSION = YES_AGGRESSIVE;
				CLANG_CXX_LANGUAGE_STANDARD = "gnu++17";
				CLANG_CXX_LIBRARY = "libc++";
				CLANG_ENABLE_MODULES = YES;
				CLANG_ENABLE_OBJC_ARC = YES;
				CLANG_ENABLE_OBJC_WEAK = YES;
				CLANG_WARN_BLOCK_CAPTURE_AUTORELEASING = YES;
				CLANG_WARN_BOOL_CONVERSION = YES;
				CLANG_WARN_COMMA = YES;
				CLANG_WARN_CONSTANT_CONVERSION = YES;
				CLANG_WARN_DEPRECATED_OBJC_IMPLEMENTATIONS = YES;
				CLANG_WARN_DIRECT_OBJC_ISA_USAGE = YES_ERROR;
				CLANG_WARN_DOCUMENTATION_COMMENTS = YES;
				CLANG_WARN_EMPTY_BODY = YES;
				CLANG_WARN_ENUM_CONVERSION = YES;
				CLANG_WARN_INFINITE_RECURSION = YES;
				CLANG_WARN_INT_CONVERSION = YES;
				CLANG_WARN_NON_LITERAL_NULL_CONVERSION = YES;
				CLANG_WARN_OBJC_IMPLICIT_RETAIN_SELF = YES;
				CLANG_WARN_OBJC_LITERAL_CONVERSION = YES;
				CLANG_WARN_OBJC_ROOT_CLASS = YES_ERROR;
				CLANG_WARN_QUOTED_INCLUDE_IN_FRAMEWORK_HEADER = YES;
				CLANG_WARN_RANGE_LOOP_ANALYSIS = YES;
				CLANG_WARN_STRICT_PROTOTYPES = YES;
				CLANG_WARN_SUSPICIOUS_MOVE = YES;
				CLANG_WARN_UNGUARDED_AVAILABILITY = YES_AGGRESSIVE;
				CLANG_WARN_UNREACHABLE_CODE = YES;
				CLANG_WARN__DUPLICATE_METHOD_MATCH = YES;
				COPY_PHASE_STRIP = NO;
				DEBUG_INFORMATION_FORMAT = "dwarf-with-dsym";
				ENABLE_NS_ASSERTIONS = NO;
				ENABLE_STRICT_OBJC_MSGSEND = YES;
				GCC_C_LANGUAGE_STANDARD = gnu11;
				GCC_NO_COMMON_BLOCKS = YES;
				GCC_WARN_64_TO_32_BIT_CONVERSION = YES;
				GCC_WARN_ABOUT_RETURN_TYPE = YES_ERROR;
				GCC_WARN_UNDECLARED_SELECTOR = YES;
				GCC_WARN_UNINITIALIZED_AUTOS = YES_AGGRESSIVE;
				GCC_WARN_UNUSED_FUNCTION = YES;
				GCC_WARN_UNUSED_VARIABLE = YES;
				IPHONEOS_DEPLOYMENT_TARGET = 15.0;
				MTL_ENABLE_DEBUG_INFO = NO;
				MTL_FAST_MATH = YES;
				SDKROOT = iphoneos;
				SWIFT_COMPILATION_MODE = wholemodule;
				SWIFT_OPTIMIZATION_LEVEL = "-O";
				VALIDATE_PRODUCT = YES;
			};
			name = Release;
		};
		0470B88A2743979B00CC1DF7 /* Debug */ = {
			isa = XCBuildConfiguration;
			baseConfigurationReference = D10D8EFBBA9B3A0DE28C960F /* Pods-MyPlant.debug.xcconfig */;
			buildSettings = {
				ASSETCATALOG_COMPILER_APPICON_NAME = AppIcon;
				ASSETCATALOG_COMPILER_GLOBAL_ACCENT_COLOR_NAME = AccentColor;
				CODE_SIGN_ENTITLEMENTS = MyPlant/MyPlant.entitlements;
				CODE_SIGN_STYLE = Automatic;
				CURRENT_PROJECT_VERSION = 1;
				DEBUG_INFORMATION_FORMAT = "dwarf-with-dsym";
				DEVELOPMENT_TEAM = 75QD4ZR23L;
				GENERATE_INFOPLIST_FILE = YES;
				INFOPLIST_FILE = MyPlant/Info.plist;
				INFOPLIST_KEY_NSCameraUsageDescription = "MyPlant에 사진을 추가하고 저장하시려면 카메라 접근 권한을 허용해야 합니다.";
				INFOPLIST_KEY_NSPhotoLibraryAddUsageDescription = "MyPlant에 사진을 추가하고 저장하시려면 포토 라이브러리 접근 권한을 허용해야 합니다.";
				INFOPLIST_KEY_NSPhotoLibraryUsageDescription = "MyPlant에 사진을 추가하고 저장하시려면 포토 라이브러리 접근 권한을 허용해야 합니다.";
				INFOPLIST_KEY_UIApplicationSupportsIndirectInputEvents = YES;
				INFOPLIST_KEY_UILaunchStoryboardName = LaunchScreen;
				INFOPLIST_KEY_UIMainStoryboardFile = Main;
				INFOPLIST_KEY_UISupportedInterfaceOrientations_iPad = "UIInterfaceOrientationPortrait UIInterfaceOrientationPortraitUpsideDown UIInterfaceOrientationLandscapeLeft UIInterfaceOrientationLandscapeRight";
				INFOPLIST_KEY_UISupportedInterfaceOrientations_iPhone = "UIInterfaceOrientationPortrait UIInterfaceOrientationLandscapeLeft UIInterfaceOrientationLandscapeRight";
				INFOPLIST_KEY_UIUserInterfaceStyle = Light;
				IPHONEOS_DEPLOYMENT_TARGET = 13.0;
				LD_RUNPATH_SEARCH_PATHS = (
					"$(inherited)",
					"@executable_path/Frameworks",
				);
				LIBRARY_SEARCH_PATHS = (
					"$(inherited)",
					"$(SDKROOT)/usr/lib/swift",
				);
				MARKETING_VERSION = 2.0;
				OTHER_LDFLAGS = "-objC";
				PRODUCT_BUNDLE_IDENTIFIER = com.ssac.MyPlant;
				PRODUCT_NAME = "$(TARGET_NAME)";
				SWIFT_EMIT_LOC_STRINGS = YES;
				SWIFT_VERSION = 5.0;
				TARGETED_DEVICE_FAMILY = 1;
			};
			name = Debug;
		};
		0470B88B2743979B00CC1DF7 /* Release */ = {
			isa = XCBuildConfiguration;
			baseConfigurationReference = 53F7F46380604F9646BF6264 /* Pods-MyPlant.release.xcconfig */;
			buildSettings = {
				ASSETCATALOG_COMPILER_APPICON_NAME = AppIcon;
				ASSETCATALOG_COMPILER_GLOBAL_ACCENT_COLOR_NAME = AccentColor;
				CODE_SIGN_ENTITLEMENTS = MyPlant/MyPlantRelease.entitlements;
				CODE_SIGN_STYLE = Automatic;
				CURRENT_PROJECT_VERSION = 1;
				DEVELOPMENT_TEAM = 75QD4ZR23L;
				GENERATE_INFOPLIST_FILE = YES;
				INFOPLIST_FILE = MyPlant/Info.plist;
				INFOPLIST_KEY_NSCameraUsageDescription = "MyPlant에 사진을 추가하고 저장하시려면 카메라 접근 권한을 허용해야 합니다.";
				INFOPLIST_KEY_NSPhotoLibraryAddUsageDescription = "MyPlant에 사진을 추가하고 저장하시려면 포토 라이브러리 접근 권한을 허용해야 합니다.";
				INFOPLIST_KEY_NSPhotoLibraryUsageDescription = "MyPlant에 사진을 추가하고 저장하시려면 포토 라이브러리 접근 권한을 허용해야 합니다.";
				INFOPLIST_KEY_UIApplicationSupportsIndirectInputEvents = YES;
				INFOPLIST_KEY_UILaunchStoryboardName = LaunchScreen;
				INFOPLIST_KEY_UIMainStoryboardFile = Main;
				INFOPLIST_KEY_UISupportedInterfaceOrientations_iPad = "UIInterfaceOrientationPortrait UIInterfaceOrientationPortraitUpsideDown UIInterfaceOrientationLandscapeLeft UIInterfaceOrientationLandscapeRight";
				INFOPLIST_KEY_UISupportedInterfaceOrientations_iPhone = "UIInterfaceOrientationPortrait UIInterfaceOrientationLandscapeLeft UIInterfaceOrientationLandscapeRight";
				INFOPLIST_KEY_UIUserInterfaceStyle = Light;
				IPHONEOS_DEPLOYMENT_TARGET = 13.0;
				LD_RUNPATH_SEARCH_PATHS = (
					"$(inherited)",
					"@executable_path/Frameworks",
				);
				LIBRARY_SEARCH_PATHS = (
					"$(inherited)",
					"$(SDKROOT)/usr/lib/swift",
				);
				MARKETING_VERSION = 2.0;
				OTHER_LDFLAGS = "-objC";
				PRODUCT_BUNDLE_IDENTIFIER = com.ssac.MyPlant;
				PRODUCT_NAME = "$(TARGET_NAME)";
				SWIFT_EMIT_LOC_STRINGS = YES;
				SWIFT_VERSION = 5.0;
				TARGETED_DEVICE_FAMILY = 1;
			};
			name = Release;
		};
/* End XCBuildConfiguration section */

/* Begin XCConfigurationList section */
		0470B8702743979700CC1DF7 /* Build configuration list for PBXProject "MyPlant" */ = {
			isa = XCConfigurationList;
			buildConfigurations = (
				0470B8872743979B00CC1DF7 /* Debug */,
				0470B8882743979B00CC1DF7 /* Release */,
			);
			defaultConfigurationIsVisible = 0;
			defaultConfigurationName = Release;
		};
		0470B8892743979B00CC1DF7 /* Build configuration list for PBXNativeTarget "MyPlant" */ = {
			isa = XCConfigurationList;
			buildConfigurations = (
				0470B88A2743979B00CC1DF7 /* Debug */,
				0470B88B2743979B00CC1DF7 /* Release */,
			);
			defaultConfigurationIsVisible = 0;
			defaultConfigurationName = Release;
		};
/* End XCConfigurationList section */
	};
	rootObject = 0470B86D2743979700CC1DF7 /* Project object */;
}
